lockfileVersion: '6.0'

dependencies:
  date-fns:
    specifier: ^2.30.0
    version: 2.30.0

devDependencies:
  '@types/node':
    specifier: ^20.2.5
    version: 20.2.5
  esbuild-wasm:
    specifier: ^0.17.19
    version: 0.17.19
  parse-package-name:
    specifier: ^1.0.0
    version: 1.0.0
  resolve.exports:
    specifier: ^2.0.2
    version: 2.0.2

packages:

  /@babel/runtime@7.22.3:
    resolution: {integrity: sha512-XsDuspWKLUsxwCp6r7EhsExHtYfbe5oAGQ19kqngTdCPUoPQzOPdUbD/pB9PJiwb2ptYKQDjSJT3R6dC+EPqfQ==}
    engines: {node: '>=6.9.0'}
    dependencies:
      regenerator-runtime: 0.13.11
    dev: false

  /@types/node@20.2.5:
    resolution: {integrity: sha512-JJulVEQXmiY9Px5axXHeYGLSjhkZEnD+MDPDGbCbIAbMslkKwmygtZFy1X6s/075Yo94sf8GuSlFfPzysQrWZQ==}
    dev: true

  /date-fns@2.30.0:
    resolution: {integrity: sha512-fnULvOpxnC5/Vg3NCiWelDsLiUc9bRwAPs/+LfTLNvetFCtCTN+yQz15C/fs4AwX1R9K5GLtLfn8QW+dWisaAw==}
    engines: {node: '>=0.11'}
    dependencies:
      '@babel/runtime': 7.22.3
    dev: false

  /esbuild-wasm@0.17.19:
    resolution: {integrity: sha512-X9UQEMJMZXwlGCfqcBmJ1jEa+KrLfd+gCBypO/TSzo5hZvbVwFqpxj1YCuX54ptTF75wxmrgorR4RL40AKtLVg==}
    engines: {node: '>=12'}
    hasBin: true
    dev: true

  /parse-package-name@1.0.0:
    resolution: {integrity: sha512-kBeTUtcj+SkyfaW4+KBe0HtsloBJ/mKTPoxpVdA57GZiPerREsUWJOhVj9anXweFiJkm5y8FG1sxFZkZ0SN6wg==}
    dev: true

  /regenerator-runtime@0.13.11:
    resolution: {integrity: sha512-kY1AZVr2Ra+t+piVaJ4gxaFaReZVH40AKNo7UCX6W+dEwBo/2oZJzqfuN1qLq1oL45o56cPaTXELwrTh8Fpggg==}
    dev: false

  /resolve.exports@2.0.2:
    resolution: {integrity: sha512-X2UW6Nw3n/aMgDVy+0rSqgHlv39WZAlZrXCdnbyEiKm17DSqHX4MmQMaST3FbeWR5FTuRcUwYAziZajji0Y7mg==}
    engines: {node: '>=10'}
    dev: true
